// !$*UTF8*$!
{
	archiveVersion = 1;
	classes = {
	};
	objectVersion = 50;
	objects = {

/* Begin PBXBuildFile section */
		52C7C3CA250784A100343D44 /* CoinRow.swift in Sources */ = {isa = PBXBuildFile; fileRef = 52C7C3C9250784A100343D44 /* CoinRow.swift */; };
		52DD5BC6250620FB00ECC213 /* AppDelegate.swift in Sources */ = {isa = PBXBuildFile; fileRef = 52DD5BC5250620FB00ECC213 /* AppDelegate.swift */; };
		52DD5BC8250620FB00ECC213 /* SceneDelegate.swift in Sources */ = {isa = PBXBuildFile; fileRef = 52DD5BC7250620FB00ECC213 /* SceneDelegate.swift */; };
		52DD5BCA250620FB00ECC213 /* ContentView.swift in Sources */ = {isa = PBXBuildFile; fileRef = 52DD5BC9250620FB00ECC213 /* ContentView.swift */; };
		52DD5BCC250620FF00ECC213 /* Assets.xcassets in Resources */ = {isa = PBXBuildFile; fileRef = 52DD5BCB250620FF00ECC213 /* Assets.xcassets */; };
		52DD5BCF250620FF00ECC213 /* Preview Assets.xcassets in Resources */ = {isa = PBXBuildFile; fileRef = 52DD5BCE250620FF00ECC213 /* Preview Assets.xcassets */; };
		52DD5BD2250620FF00ECC213 /* LaunchScreen.storyboard in Resources */ = {isa = PBXBuildFile; fileRef = 52DD5BD0250620FF00ECC213 /* LaunchScreen.storyboard */; };
		52DD5BDA2506217500ECC213 /* Data.swift in Sources */ = {isa = PBXBuildFile; fileRef = 52DD5BD92506217500ECC213 /* Data.swift */; };
/* End PBXBuildFile section */

/* Begin PBXFileReference section */
		52C7C3C9250784A100343D44 /* CoinRow.swift */ = {isa = PBXFileReference; lastKnownFileType = sourcecode.swift; path = CoinRow.swift; sourceTree = "<group>"; };
		52DD5BC2250620FB00ECC213 /* BTCAPIViewer.app */ = {isa = PBXFileReference; explicitFileType = wrapper.application; includeInIndex = 0; path = BTCAPIViewer.app; sourceTree = BUILT_PRODUCTS_DIR; };
		52DD5BC5250620FB00ECC213 /* AppDelegate.swift */ = {isa = PBXFileReference; lastKnownFileType = sourcecode.swift; path = AppDelegate.swift; sourceTree = "<group>"; };
		52DD5BC7250620FB00ECC213 /* SceneDelegate.swift */ = {isa = PBXFileReference; lastKnownFileType = sourcecode.swift; path = SceneDelegate.swift; sourceTree = "<group>"; };
		52DD5BC9250620FB00ECC213 /* ContentView.swift */ = {isa = PBXFileReference; lastKnownFileType = sourcecode.swift; path = ContentView.swift; sourceTree = "<group>"; };
		52DD5BCB250620FF00ECC213 /* Assets.xcassets */ = {isa = PBXFileReference; lastKnownFileType = folder.assetcatalog; path = Assets.xcassets; sourceTree = "<group>"; };
		52DD5BCE250620FF00ECC213 /* Preview Assets.xcassets */ = {isa = PBXFileReference; lastKnownFileType = folder.assetcatalog; path = "Preview Assets.xcassets"; sourceTree = "<group>"; };
		52DD5BD1250620FF00ECC213 /* Base */ = {isa = PBXFileReference; lastKnownFileType = file.storyboard; name = Base; path = Base.lproj/LaunchScreen.storyboard; sourceTree = "<group>"; };
		52DD5BD3250620FF00ECC213 /* Info.plist */ = {isa = PBXFileReference; lastKnownFileType = text.plist.xml; path = Info.plist; sourceTree = "<group>"; };
		52DD5BD92506217500ECC213 /* Data.swift */ = {isa = PBXFileReference; lastKnownFileType = sourcecode.swift; path = Data.swift; sourceTree = "<group>"; };
/* End PBXFileReference section */

/* Begin PBXFrameworksBuildPhase section */
		52DD5BBF250620FB00ECC213 /* Frameworks */ = {
			isa = PBXFrameworksBuildPhase;
			buildActionMask = 2147483647;
			files = (
			);
			runOnlyForDeploymentPostprocessing = 0;
		};
/* End PBXFrameworksBuildPhase section */

/* Begin PBXGroup section */
		52DD5BB9250620FB00ECC213 = {
			isa = PBXGroup;
			children = (
				52DD5BC4250620FB00ECC213 /* BTCAPIViewer */,
				52DD5BC3250620FB00ECC213 /* Products */,
			);
			sourceTree = "<group>";
		};
		52DD5BC3250620FB00ECC213 /* Products */ = {
			isa = PBXGroup;
			children = (
				52DD5BC2250620FB00ECC213 /* BTCAPIViewer.app */,
			);
			name = Products;
			sourceTree = "<group>";
		};
		52DD5BC4250620FB00ECC213 /* BTCAPIViewer */ = {
			isa = PBXGroup;
			children = (
				52DD5BC5250620FB00ECC213 /* AppDelegate.swift */,
				52DD5BC7250620FB00ECC213 /* SceneDelegate.swift */,
				52DD5BC9250620FB00ECC213 /* ContentView.swift */,
				52DD5BCB250620FF00ECC213 /* Assets.xcassets */,
				52DD5BD0250620FF00ECC213 /* LaunchScreen.storyboard */,
				52DD5BD3250620FF00ECC213 /* Info.plist */,
				52DD5BCD250620FF00ECC213 /* Preview Content */,
				52DD5BD92506217500ECC213 /* Data.swift */,
				52C7C3C9250784A100343D44 /* CoinRow.swift */,
			);
			path = BTCAPIViewer;
			sourceTree = "<group>";
		};
		52DD5BCD250620FF00ECC213 /* Preview Content */ = {
			isa = PBXGroup;
			children = (
				52DD5BCE250620FF00ECC213 /* Preview Assets.xcassets */,
			);
			path = "Preview Content";
			sourceTree = "<group>";
		};
/* End PBXGroup section */

/* Begin PBXNativeTarget section */
		52DD5BC1250620FB00ECC213 /* BTCAPIViewer */ = {
			isa = PBXNativeTarget;
			buildConfigurationList = 52DD5BD6250620FF00ECC213 /* Build configuration list for PBXNativeTarget "BTCAPIViewer" */;
			buildPhases = (
				52DD5BBE250620FB00ECC213 /* Sources */,
				52DD5BBF250620FB00ECC213 /* Frameworks */,
				52DD5BC0250620FB00ECC213 /* Resources */,
			);
			buildRules = (
			);
			dependencies = (
			);
			name = BTCAPIViewer;
			productName = BTCAPIViewer;
			productReference = 52DD5BC2250620FB00ECC213 /* BTCAPIViewer.app */;
			productType = "com.apple.product-type.application";
		};
/* End PBXNativeTarget section */

/* Begin PBXProject section */
		52DD5BBA250620FB00ECC213 /* Project object */ = {
			isa = PBXProject;
			attributes = {
				LastSwiftUpdateCheck = 1160;
				LastUpgradeCheck = 1160;
				ORGANIZATIONNAME = "Peter Szücs";
				TargetAttributes = {
					52DD5BC1250620FB00ECC213 = {
						CreatedOnToolsVersion = 11.6;
					};
				};
			};
			buildConfigurationList = 52DD5BBD250620FB00ECC213 /* Build configuration list for PBXProject "BTCAPIViewer" */;
			compatibilityVersion = "Xcode 9.3";
			developmentRegion = en;
			hasScannedForEncodings = 0;
			knownRegions = (
				en,
				Base,
			);
			mainGroup = 52DD5BB9250620FB00ECC213;
			productRefGroup = 52DD5BC3250620FB00ECC213 /* Products */;
			projectDirPath = "";
			projectRoot = "";
			targets = (
				52DD5BC1250620FB00ECC213 /* BTCAPIViewer */,
			);
		};
/* End PBXProject section */

/* Begin PBXResourcesBuildPhase section */
		52DD5BC0250620FB00ECC213 /* Resources */ = {
			isa = PBXResourcesBuildPhase;
			buildActionMask = 2147483647;
			files = (
				52DD5BD2250620FF00ECC213 /* LaunchScreen.storyboard in Resources */,
				52DD5BCF250620FF00ECC213 /* Preview Assets.xcassets in Resources */,
				52DD5BCC250620FF00ECC213 /* Assets.xcassets in Resources */,
			);
			runOnlyForDeploymentPostprocessing = 0;
		};
/* End PBXResourcesBuildPhase section */

/* Begin PBXSourcesBuildPhase section */
		52DD5BBE250620FB00ECC213 /* Sources */ = {
			isa = PBXSourcesBuildPhase;
			buildActionMask = 2147483647;
			files = (
				52DD5BC6250620FB00ECC213 /* AppDelegate.swift in Sources */,
				52DD5BC8250620FB00ECC213 /* SceneDelegate.swift in Sources */,
				52DD5BCA250620FB00ECC213 /* ContentView.swift in Sources */,
				52C7C3CA250784A100343D44 /* CoinRow.swift in Sources */,
				52DD5BDA2506217500ECC213 /* Data.swift in Sources */,
			);
			runOnlyForDeploymentPostprocessing = 0;
		};
/* End PBXSourcesBuildPhase section */

/* Begin PBXVariantGroup section */
		52DD5BD0250620FF00ECC213 /* LaunchScreen.storyboard */ = {
			isa = PBXVariantGroup;
			children = (
				52DD5BD1250620FF00ECC213 /* Base */,
			);
			name = LaunchScreen.storyboard;
			sourceTree = "<group>";
		};
/* End PBXVariantGroup section */

/* Begin XCBuildConfiguration section */
		52DD5BD4250620FF00ECC213 /* Debug */ = {
			isa = XCBuildConfiguration;
			buildSettings = {
				ALWAYS_SEARCH_USER_PATHS = NO;
				CLANG_ANALYZER_NONNULL = YES;
				CLANG_ANALYZER_NUMBER_OBJECT_CONVERSION = YES_AGGRESSIVE;
				CLANG_CXX_LANGUAGE_STANDARD = "gnu++14";
				CLANG_CXX_LIBRARY = "libc++";
				CLANG_ENABLE_MODULES = YES;
				CLANG_ENABLE_OBJC_ARC = YES;
				CLANG_ENABLE_OBJC_WEAK = YES;
				CLANG_WARN_BLOCK_CAPTURE_AUTORELEASING = YES;
				CLANG_WARN_BOOL_CONVERSION = YES;
				CLANG_WARN_COMMA = YES;
				CLANG_WARN_CONSTANT_CONVERSION = YES;
				CLANG_WARN_DEPRECATED_OBJC_IMPLEMENTATIONS = YES;
				CLANG_WARN_DIRECT_OBJC_ISA_USAGE = YES_ERROR;
				CLANG_WARN_DOCUMENTATION_COMMENTS = YES;
				CLANG_WARN_EMPTY_BODY = YES;
				CLANG_WARN_ENUM_CONVERSION = YES;
				CLANG_WARN_INFINITE_RECURSION = YES;
				CLANG_WARN_INT_CONVERSION = YES;
				CLANG_WARN_NON_LITERAL_NULL_CONVERSION = YES;
				CLANG_WARN_OBJC_IMPLICIT_RETAIN_SELF = YES;
				CLANG_WARN_OBJC_LITERAL_CONVERSION = YES;
				CLANG_WARN_OBJC_ROOT_CLASS = YES_ERROR;
				CLANG_WARN_RANGE_LOOP_ANALYSIS = YES;
				CLANG_WARN_STRICT_PROTOTYPES = YES;
				CLANG_WARN_SUSPICIOUS_MOVE = YES;
				CLANG_WARN_UNGUARDED_AVAILABILITY = YES_AGGRESSIVE;
				CLANG_WARN_UNREACHABLE_CODE = YES;
				CLANG_WARN__DUPLICATE_METHOD_MATCH = YES;
				COPY_PHASE_STRIP = NO;
				DEBUG_INFORMATION_FORMAT = dwarf;
				ENABLE_STRICT_OBJC_MSGSEND = YES;
				ENABLE_TESTABILITY = YES;
				GCC_C_LANGUAGE_STANDARD = gnu11;
				GCC_DYNAMIC_NO_PIC = NO;
				GCC_NO_COMMON_BLOCKS = YES;
				GCC_OPTIMIZATION_LEVEL = 0;
				GCC_PREPROCESSOR_DEFINITIONS = (
					"DEBUG=1",
					"$(inherited)",
				);
				GCC_WARN_64_TO_32_BIT_CONVERSION = YES;
				GCC_WARN_ABOUT_RETURN_TYPE = YES_ERROR;
				GCC_WARN_UNDECLARED_SELECTOR = YES;
				GCC_WARN_UNINITIALIZED_AUTOS = YES_AGGRESSIVE;
				GCC_WARN_UNUSED_FUNCTION = YES;
				GCC_WARN_UNUSED_VARIABLE = YES;
				IPHONEOS_DEPLOYMENT_TARGET = 13.6;
				MTL_ENABLE_DEBUG_INFO = INCLUDE_SOURCE;
				MTL_FAST_MATH = YES;
				ONLY_ACTIVE_ARCH = YES;
				SDKROOT = iphoneos;
				SWIFT_ACTIVE_COMPILATION_CONDITIONS = DEBUG;
				SWIFT_OPTIMIZATION_LEVEL = "-Onone";
			};
			name = Debug;
		};
		52DD5BD5250620FF00ECC213 /* Release */ = {
			isa = XCBuildConfiguration;
			buildSettings = {
				ALWAYS_SEARCH_USER_PATHS = NO;
				CLANG_ANALYZER_NONNULL = YES;
				CLANG_ANALYZER_NUMBER_OBJECT_CONVERSION = YES_AGGRESSIVE;
				CLANG_CXX_LANGUAGE_STANDARD = "gnu++14";
				CLANG_CXX_LIBRARY = "libc++";
				CLANG_ENABLE_MODULES = YES;
				CLANG_ENABLE_OBJC_ARC = YES;
				CLANG_ENABLE_OBJC_WEAK = YES;
				CLANG_WARN_BLOCK_CAPTURE_AUTORELEASING = YES;
				CLANG_WARN_BOOL_CONVERSION = YES;
				CLANG_WARN_COMMA = YES;
				CLANG_WARN_CONSTANT_CONVERSION = YES;
				CLANG_WARN_DEPRECATED_OBJC_IMPLEMENTATIONS = YES;
				CLANG_WARN_DIRECT_OBJC_ISA_USAGE = YES_ERROR;
				CLANG_WARN_DOCUMENTATION_COMMENTS = YES;
				CLANG_WARN_EMPTY_BODY = YES;
				CLANG_WARN_ENUM_CONVERSION = YES;
				CLANG_WARN_INFINITE_RECURSION = YES;
				CLANG_WARN_INT_CONVERSION = YES;
				CLANG_WARN_NON_LITERAL_NULL_CONVERSION = YES;
				CLANG_WARN_OBJC_IMPLICIT_RETAIN_SELF = YES;
				CLANG_WARN_OBJC_LITERAL_CONVERSION = YES;
				CLANG_WARN_OBJC_ROOT_CLASS = YES_ERROR;
				CLANG_WARN_RANGE_LOOP_ANALYSIS = YES;
				CLANG_WARN_STRICT_PROTOTYPES = YES;
				CLANG_WARN_SUSPICIOUS_MOVE = YES;
				CLANG_WARN_UNGUARDED_AVAILABILITY = YES_AGGRESSIVE;
				CLANG_WARN_UNREACHABLE_CODE = YES;
				CLANG_WARN__DUPLICATE_METHOD_MATCH = YES;
				COPY_PHASE_STRIP = NO;
				DEBUG_INFORMATION_FORMAT = "dwarf-with-dsym";
				ENABLE_NS_ASSERTIONS = NO;
				ENABLE_STRICT_OBJC_MSGSEND = YES;
				GCC_C_LANGUAGE_STANDARD = gnu11;
				GCC_NO_COMMON_BLOCKS = YES;
				GCC_WARN_64_TO_32_BIT_CONVERSION = YES;
				GCC_WARN_ABOUT_RETURN_TYPE = YES_ERROR;
				GCC_WARN_UNDECLARED_SELECTOR = YES;
				GCC_WARN_UNINITIALIZED_AUTOS = YES_AGGRESSIVE;
				GCC_WARN_UNUSED_FUNCTION = YES;
				GCC_WARN_UNUSED_VARIABLE = YES;
				IPHONEOS_DEPLOYMENT_TARGET = 13.6;
				MTL_ENABLE_DEBUG_INFO = NO;
				MTL_FAST_MATH = YES;
				SDKROOT = iphoneos;
				SWIFT_COMPILATION_MODE = wholemodule;
				SWIFT_OPTIMIZATION_LEVEL = "-O";
				VALIDATE_PRODUCT = YES;
			};
			name = Release;
		};
		52DD5BD7250620FF00ECC213 /* Debug */ = {
			isa = XCBuildConfiguration;
			buildSettings = {
				ASSETCATALOG_COMPILER_APPICON_NAME = AppIcon;
				CODE_SIGN_STYLE = Automatic;
				DEVELOPMENT_ASSET_PATHS = "\"BTCAPIViewer/Preview Content\"";
				DEVELOPMENT_TEAM = 9N6DY9LAD5;
				ENABLE_PREVIEWS = YES;
				INFOPLIST_FILE = BTCAPIViewer/Info.plist;
				LD_RUNPATH_SEARCH_PATHS = (
					"$(inherited)",
					"@executable_path/Frameworks",
				);
				PRODUCT_BUNDLE_IDENTIFIER = com.peterszucs.BTCAPIViewer;
				PRODUCT_NAME = "$(TARGET_NAME)";
				SWIFT_VERSION = 5.0;
				TARGETED_DEVICE_FAMILY = "1,2";
			};
			name = Debug;
		};
		52DD5BD8250620FF00ECC213 /* Release */ = {
			isa = XCBuildConfiguration;
			buildSettings = {
				ASSETCATALOG_COMPILER_APPICON_NAME = AppIcon;
				CODE_SIGN_STYLE = Automatic;
				DEVELOPMENT_ASSET_PATHS = "\"BTCAPIViewer/Preview Content\"";
				DEVELOPMENT_TEAM = 9N6DY9LAD5;
				ENABLE_PREVIEWS = YES;
				INFOPLIST_FILE = BTCAPIViewer/Info.plist;
				LD_RUNPATH_SEARCH_PATHS = (
					"$(inherited)",
					"@executable_path/Frameworks",
				);
				PRODUCT_BUNDLE_IDENTIFIER = com.peterszucs.BTCAPIViewer;
				PRODUCT_NAME = "$(TARGET_NAME)";
				SWIFT_VERSION = 5.0;
				TARGETED_DEVICE_FAMILY = "1,2";
			};
			name = Release;
		};
/* End XCBuildConfiguration section */

/* Begin XCConfigurationList section */
		52DD5BBD250620FB00ECC213 /* Build configuration list for PBXProject "BTCAPIViewer" */ = {
			isa = XCConfigurationList;
			buildConfigurations = (
				52DD5BD4250620FF00ECC213 /* Debug */,
				52DD5BD5250620FF00ECC213 /* Release */,
			);
			defaultConfigurationIsVisible = 0;
			defaultConfigurationName = Release;
		};
		52DD5BD6250620FF00ECC213 /* Build configuration list for PBXNativeTarget "BTCAPIViewer" */ = {
			isa = XCConfigurationList;
			buildConfigurations = (
				52DD5BD7250620FF00ECC213 /* Debug */,
				52DD5BD8250620FF00ECC213 /* Release */,
			);
			defaultConfigurationIsVisible = 0;
			defaultConfigurationName = Release;
		};
/* End XCConfigurationList section */
	};
	rootObject = 52DD5BBA250620FB00ECC213 /* Project object */;
}
